
Microsoft Visual Studio Solution File, Format Version 12.00
# Visual Studio Version 18
VisualStudioVersion = 18.9.12120.119
MinimumVisualStudioVersion = 10.0.40219.1
Project("{FAE04EC0-301F-11D3-BF4B-00C04F79EFBC}") = "GraphSearch.Library", "GraphSearch\GraphSearch.Library.csproj", "{D9DE107E-FC3D-4C54-A5DB-B096E667AA46}"
EndProject
Project("{FAE04EC0-301F-11D3-BF4B-00C04F79EFBC}") = "GraphSearch.Tool", "GraphSearch.Tool\GraphSearch.Tool.csproj", "{DD24E443-7B76-491F-905F-44516557B14F}"
EndProject
Project("{FAE04EC0-301F-11D3-BF4B-00C04F79EFBC}") = "GraphSearch.Library.Tests", "GraphSearch.Library.Tests\GraphSearch.Library.Tests.csproj", "{5D9E2121-2632-4A53-B099-409CE4B00D7F}"
EndProject
Project("{FAE04EC0-301F-11D3-BF4B-00C04F79EFBC}") = "GraphRag.EFCore", "GraphRag.EFCore\GraphRag.EFCore.csproj", "{5477E7F3-7ECF-4D18-8CA7-6B09980E9B7E}"
EndProject
Project("{FAE04EC0-301F-11D3-BF4B-00C04F79EFBC}") = "ChromaDB.Library", "..\ChromaDBTest\ChromaDB.Library\ChromaDB.Library.csproj", "{4AC2AC38-EEBC-7399-0F35-B1D4839F44B7}"
EndProject
Project("{2150E333-8FDC-42A3-9474-1A3956D46DE8}") = "ChromaDB", "ChromaDB", "{8F7C82BA-7C5E-453C-84C8-3EF0707E50C6}"
EndProject
Project("{FAE04EC0-301F-11D3-BF4B-00C04F79EFBC}") = "ChromaDB.Library.Tests", "..\ChromaDBTest\ChromaDB.Library.Tests\ChromaDB.Library.Tests.csproj", "{C3A1C266-F59C-8F29-3D6F-B796334B5882}"
EndProject
Project("{FAE04EC0-301F-11D3-BF4B-00C04F79EFBC}") = "GraphRag.AI", "GraphRag.AI\GraphRag.AI.csproj", "{3B53089F-7A75-C160-D7C7-74CE80444EE9}"
EndProject
Project("{FAE04EC0-301F-11D3-BF4B-00C04F79EFBC}") = "GraphRag.AI.Tests", "GraphRag.AI.Tests\GraphRag.AI.Tests.csproj", "{713BD1E0-567F-904A-469E-A2D3E8823F57}"
EndProject
Project("{FAE04EC0-301F-11D3-BF4B-00C04F79EFBC}") = "GraphRag.Core", "GraphRag.Core\GraphRag.Core.csproj", "{6AE3B1E8-B5CC-8F1E-0C91-542911E09E47}"
EndProject
Project("{FAE04EC0-301F-11D3-BF4B-00C04F79EFBC}") = "GraphRag.Graph", "GraphRag.Graph\GraphRag.Graph.csproj", "{165F4FF7-1385-3EF7-BCEC-10AE48DA384A}"
EndProject
Project("{FAE04EC0-301F-11D3-BF4B-00C04F79EFBC}") = "GraphRag.Indexing", "GraphRag.Indexing\GraphRag.Indexing.csproj", "{DB8F0F12-FD7E-6705-17C0-05D09250E0D0}"
EndProject
Project("{FAE04EC0-301F-11D3-BF4B-00C04F79EFBC}") = "GraphRag.Ontology", "GraphRag.Ontology\GraphRag.Ontology.csproj", "{33607464-0627-46A0-B69C-9C417F34E61D}"
EndProject
Project("{FAE04EC0-301F-11D3-BF4B-00C04F79EFBC}") = "GraphRag.ITSM", "GraphRag.ITSM\GraphRag.ITSM.csproj", "{F06C5520-BCF5-48A7-8503-B4C84A09DE2C}"
EndProject
Project("{FAE04EC0-301F-11D3-BF4B-00C04F79EFBC}") = "GraphRag.Conceptual", "GraphRag.Conceptual\GraphRag.Conceptual.csproj", "{5BAF35A5-A20A-42F1-9085-B0D98C5FBB8C}"
EndProject
Project("{FAE04EC0-301F-11D3-BF4B-00C04F79EFBC}") = "GraphRag.ITSM.Tool", "GraphRag.ITSM.Tool\GraphRag.ITSM.Tool.csproj", "{4906D3C5-693C-41D3-8F7A-C098546FB7EE}"
EndProject
Project("{FAE04EC0-301F-11D3-BF4B-00C04F79EFBC}") = "GraphRag.Conceptual.Tool", "GraphRag.Conceptual.Tool\GraphRag.Conceptual.Tool.csproj", "{9738F1F8-60AA-4B5A-8943-26A93C4D26DD}"
EndProject
Project("{FAE04EC0-301F-11D3-BF4B-00C04F79EFBC}") = "GraphRag.BM25", "GraphRag.BM25\GraphRag.BM25.csproj", "{0FC4AE37-8B65-E375-1F4A-FFCFD1EB798F}"
EndProject
Project("{FAE04EC0-301F-11D3-BF4B-00C04F79EFBC}") = "GraphRag.BM25.Tests", "GraphRag.BM25.Tests\GraphRag.BM25.Tests.csproj", "{69024391-D62E-F4F4-06D6-88DCCDCFE3B4}"
EndProject
Project("{FAE04EC0-301F-11D3-BF4B-00C04F79EFBC}") = "GraphRag.Lucene", "GraphRag.Lucene\GraphRag.Lucene.csproj", "{D51788C2-9471-A555-84BD-F7C8FEFB2E1C}"
EndProject
Project("{FAE04EC0-301F-11D3-BF4B-00C04F79EFBC}") = "GraphRag.Lucene.Tests", "GraphRag.Lucene.Tests\GraphRag.Lucene.Tests.csproj", "{4FC38813-433D-885A-F3C2-CDF627272FFE}"
EndProject
Project("{FAE04EC0-301F-11D3-BF4B-00C04F79EFBC}") = "GraphRag.NLP", "GraphRag.NLP\GraphRag.NLP.csproj", "{BE8DB961-28F3-4C56-9CDC-C167A83146C3}"
EndProject
Project("{FAE04EC0-301F-11D3-BF4B-00C04F79EFBC}") = "GraphRag.NLP.Tests", "GraphRag.NLP.Tests\GraphRag.NLP.Tests.csproj", "{74E06C40-84BB-4225-B1E2-0C0399741A34}"
EndProject
Project("{FAE04EC0-301F-11D3-BF4B-00C04F79EFBC}") = "GraphRag.Indexing.Tests", "GraphRag.Indexing.Tests\GraphRag.Indexing.Tests.csproj", "{DAFB520D-1ADA-41EE-B9DE-9F44BBA67F53}"
EndProject
Project("{FAE04EC0-301F-11D3-BF4B-00C04F79EFBC}") = "GraphRag.Core.Tests", "GraphRag.Core.Tests\GraphRag.Core.Tests.csproj", "{3D9ECFB8-058A-4C1F-A0CE-9098E6C03475}"
EndProject
Project("{FAE04EC0-301F-11D3-BF4B-00C04F79EFBC}") = "ITSM.AppHost", "ITSM.AppHost\ITSM.AppHost.csproj", "{14D1D25A-E1C8-406F-BAD1-646FC81C1496}"
EndProject
Project("{FAE04EC0-301F-11D3-BF4B-00C04F79EFBC}") = "ITSM.ServiceDefaults", "ITSM.ServiceDefaults\ITSM.ServiceDefaults.csproj", "{38AFAF93-19A1-89A4-FAF6-8694C6BB397D}"
EndProject
Project("{FAE04EC0-301F-11D3-BF4B-00C04F79EFBC}") = "ITSM.ApiService", "ITSM.ApiService\ITSM.ApiService.csproj", "{C805A115-412A-2E03-3C8C-F425E2FE549F}"
EndProject
Project("{FAE04EC0-301F-11D3-BF4B-00C04F79EFBC}") = "ITSM.Web", "ITSM.Web\ITSM.Web.csproj", "{0E15B0C5-461E-1432-9111-740B6DF10043}"
EndProject
Project("{FAE04EC0-301F-11D3-BF4B-00C04F79EFBC}") = "ITSM.Tests", "ITSM.Tests\ITSM.Tests.csproj", "{604909ED-4F1B-F44F-71BC-E68810FA428B}"
EndProject
Project("{FAE04EC0-301F-11D3-BF4B-00C04F79EFBC}") = "ITSM.McpService", "ITSM.McpService\ITSM.McpService.csproj", "{E1504BEB-E496-47B0-BF9E-8A50626BAD40}"
EndProject
Global
	GlobalSection(SolutionConfigurationPlatforms) = preSolution
		Debug|Any CPU = Debug|Any CPU
		Debug|x64 = Debug|x64
		Debug|x86 = Debug|x86
		Release|Any CPU = Release|Any CPU
		Release|x64 = Release|x64
		Release|x86 = Release|x86
	EndGlobalSection
	GlobalSection(ProjectConfigurationPlatforms) = postSolution
		{D9DE107E-FC3D-4C54-A5DB-B096E667AA46}.Debug|Any CPU.ActiveCfg = Debug|Any CPU
		{D9DE107E-FC3D-4C54-A5DB-B096E667AA46}.Debug|Any CPU.Build.0 = Debug|Any CPU
		{D9DE107E-FC3D-4C54-A5DB-B096E667AA46}.Debug|x64.ActiveCfg = Debug|Any CPU
		{D9DE107E-FC3D-4C54-A5DB-B096E667AA46}.Debug|x64.Build.0 = Debug|Any CPU
		{D9DE107E-FC3D-4C54-A5DB-B096E667AA46}.Debug|x86.ActiveCfg = Debug|Any CPU
		{D9DE107E-FC3D-4C54-A5DB-B096E667AA46}.Debug|x86.Build.0 = Debug|Any CPU
		{D9DE107E-FC3D-4C54-A5DB-B096E667AA46}.Release|Any CPU.ActiveCfg = Release|Any CPU
		{D9DE107E-FC3D-4C54-A5DB-B096E667AA46}.Release|Any CPU.Build.0 = Release|Any CPU
		{D9DE107E-FC3D-4C54-A5DB-B096E667AA46}.Release|x64.ActiveCfg = Release|Any CPU
		{D9DE107E-FC3D-4C54-A5DB-B096E667AA46}.Release|x64.Build.0 = Release|Any CPU
		{D9DE107E-FC3D-4C54-A5DB-B096E667AA46}.Release|x86.ActiveCfg = Release|Any CPU
		{D9DE107E-FC3D-4C54-A5DB-B096E667AA46}.Release|x86.Build.0 = Release|Any CPU
		{DD24E443-7B76-491F-905F-44516557B14F}.Debug|Any CPU.ActiveCfg = Debug|Any CPU
		{DD24E443-7B76-491F-905F-44516557B14F}.Debug|Any CPU.Build.0 = Debug|Any CPU
		{DD24E443-7B76-491F-905F-44516557B14F}.Debug|x64.ActiveCfg = Debug|Any CPU
		{DD24E443-7B76-491F-905F-44516557B14F}.Debug|x64.Build.0 = Debug|Any CPU
		{DD24E443-7B76-491F-905F-44516557B14F}.Debug|x86.ActiveCfg = Debug|Any CPU
		{DD24E443-7B76-491F-905F-44516557B14F}.Debug|x86.Build.0 = Debug|Any CPU
		{DD24E443-7B76-491F-905F-44516557B14F}.Release|Any CPU.ActiveCfg = Release|Any CPU
		{DD24E443-7B76-491F-905F-44516557B14F}.Release|Any CPU.Build.0 = Release|Any CPU
		{DD24E443-7B76-491F-905F-44516557B14F}.Release|x64.ActiveCfg = Release|Any CPU
		{DD24E443-7B76-491F-905F-44516557B14F}.Release|x64.Build.0 = Release|Any CPU
		{DD24E443-7B76-491F-905F-44516557B14F}.Release|x86.ActiveCfg = Release|Any CPU
		{DD24E443-7B76-491F-905F-44516557B14F}.Release|x86.Build.0 = Release|Any CPU
		{5D9E2121-2632-4A53-B099-409CE4B00D7F}.Debug|Any CPU.ActiveCfg = Debug|Any CPU
		{5D9E2121-2632-4A53-B099-409CE4B00D7F}.Debug|Any CPU.Build.0 = Debug|Any CPU
		{5D9E2121-2632-4A53-B099-409CE4B00D7F}.Debug|x64.ActiveCfg = Debug|Any CPU
		{5D9E2121-2632-4A53-B099-409CE4B00D7F}.Debug|x64.Build.0 = Debug|Any CPU
		{5D9E2121-2632-4A53-B099-409CE4B00D7F}.Debug|x86.ActiveCfg = Debug|Any CPU
		{5D9E2121-2632-4A53-B099-409CE4B00D7F}.Debug|x86.Build.0 = Debug|Any CPU
		{5D9E2121-2632-4A53-B099-409CE4B00D7F}.Release|Any CPU.ActiveCfg = Release|Any CPU
		{5D9E2121-2632-4A53-B099-409CE4B00D7F}.Release|Any CPU.Build.0 = Release|Any CPU
		{5D9E2121-2632-4A53-B099-409CE4B00D7F}.Release|x64.ActiveCfg = Release|Any CPU
		{5D9E2121-2632-4A53-B099-409CE4B00D7F}.Release|x64.Build.0 = Release|Any CPU
		{5D9E2121-2632-4A53-B099-409CE4B00D7F}.Release|x86.ActiveCfg = Release|Any CPU
		{5D9E2121-2632-4A53-B099-409CE4B00D7F}.Release|x86.Build.0 = Release|Any CPU
		{5477E7F3-7ECF-4D18-8CA7-6B09980E9B7E}.Debug|Any CPU.ActiveCfg = Debug|Any CPU
		{5477E7F3-7ECF-4D18-8CA7-6B09980E9B7E}.Debug|Any CPU.Build.0 = Debug|Any CPU
		{5477E7F3-7ECF-4D18-8CA7-6B09980E9B7E}.Debug|x64.ActiveCfg = Debug|Any CPU
		{5477E7F3-7ECF-4D18-8CA7-6B09980E9B7E}.Debug|x64.Build.0 = Debug|Any CPU
		{5477E7F3-7ECF-4D18-8CA7-6B09980E9B7E}.Debug|x86.ActiveCfg = Debug|Any CPU
		{5477E7F3-7ECF-4D18-8CA7-6B09980E9B7E}.Debug|x86.Build.0 = Debug|Any CPU
		{5477E7F3-7ECF-4D18-8CA7-6B09980E9B7E}.Release|Any CPU.ActiveCfg = Release|Any CPU
		{5477E7F3-7ECF-4D18-8CA7-6B09980E9B7E}.Release|Any CPU.Build.0 = Release|Any CPU
		{5477E7F3-7ECF-4D18-8CA7-6B09980E9B7E}.Release|x64.ActiveCfg = Release|Any CPU
		{5477E7F3-7ECF-4D18-8CA7-6B09980E9B7E}.Release|x64.Build.0 = Release|Any CPU
		{5477E7F3-7ECF-4D18-8CA7-6B09980E9B7E}.Release|x86.ActiveCfg = Release|Any CPU
		{5477E7F3-7ECF-4D18-8CA7-6B09980E9B7E}.Release|x86.Build.0 = Release|Any CPU
		{4AC2AC38-EEBC-7399-0F35-B1D4839F44B7}.Debug|Any CPU.ActiveCfg = Debug|Any CPU
		{4AC2AC38-EEBC-7399-0F35-B1D4839F44B7}.Debug|Any CPU.Build.0 = Debug|Any CPU
		{4AC2AC38-EEBC-7399-0F35-B1D4839F44B7}.Debug|x64.ActiveCfg = Debug|Any CPU
		{4AC2AC38-EEBC-7399-0F35-B1D4839F44B7}.Debug|x64.Build.0 = Debug|Any CPU
		{4AC2AC38-EEBC-7399-0F35-B1D4839F44B7}.Debug|x86.ActiveCfg = Debug|Any CPU
		{4AC2AC38-EEBC-7399-0F35-B1D4839F44B7}.Debug|x86.Build.0 = Debug|Any CPU
		{4AC2AC38-EEBC-7399-0F35-B1D4839F44B7}.Release|Any CPU.ActiveCfg = Release|Any CPU
		{4AC2AC38-EEBC-7399-0F35-B1D4839F44B7}.Release|Any CPU.Build.0 = Release|Any CPU
		{4AC2AC38-EEBC-7399-0F35-B1D4839F44B7}.Release|x64.ActiveCfg = Release|Any CPU
		{4AC2AC38-EEBC-7399-0F35-B1D4839F44B7}.Release|x64.Build.0 = Release|Any CPU
		{4AC2AC38-EEBC-7399-0F35-B1D4839F44B7}.Release|x86.ActiveCfg = Release|Any CPU
		{4AC2AC38-EEBC-7399-0F35-B1D4839F44B7}.Release|x86.Build.0 = Release|Any CPU
		{C3A1C266-F59C-8F29-3D6F-B796334B5882}.Debug|Any CPU.ActiveCfg = Debug|Any CPU
		{C3A1C266-F59C-8F29-3D6F-B796334B5882}.Debug|Any CPU.Build.0 = Debug|Any CPU
		{C3A1C266-F59C-8F29-3D6F-B796334B5882}.Debug|x64.ActiveCfg = Debug|Any CPU
		{C3A1C266-F59C-8F29-3D6F-B796334B5882}.Debug|x64.Build.0 = Debug|Any CPU
		{C3A1C266-F59C-8F29-3D6F-B796334B5882}.Debug|x86.ActiveCfg = Debug|Any CPU
		{C3A1C266-F59C-8F29-3D6F-B796334B5882}.Debug|x86.Build.0 = Debug|Any CPU
		{C3A1C266-F59C-8F29-3D6F-B796334B5882}.Release|Any CPU.ActiveCfg = Release|Any CPU
		{C3A1C266-F59C-8F29-3D6F-B796334B5882}.Release|Any CPU.Build.0 = Release|Any CPU
		{C3A1C266-F59C-8F29-3D6F-B796334B5882}.Release|x64.ActiveCfg = Release|Any CPU
		{C3A1C266-F59C-8F29-3D6F-B796334B5882}.Release|x64.Build.0 = Release|Any CPU
		{C3A1C266-F59C-8F29-3D6F-B796334B5882}.Release|x86.ActiveCfg = Release|Any CPU
		{C3A1C266-F59C-8F29-3D6F-B796334B5882}.Release|x86.Build.0 = Release|Any CPU
		{3B53089F-7A75-C160-D7C7-74CE80444EE9}.Debug|Any CPU.ActiveCfg = Debug|Any CPU
		{3B53089F-7A75-C160-D7C7-74CE80444EE9}.Debug|Any CPU.Build.0 = Debug|Any CPU
		{3B53089F-7A75-C160-D7C7-74CE80444EE9}.Debug|x64.ActiveCfg = Debug|Any CPU
		{3B53089F-7A75-C160-D7C7-74CE80444EE9}.Debug|x64.Build.0 = Debug|Any CPU
		{3B53089F-7A75-C160-D7C7-74CE80444EE9}.Debug|x86.ActiveCfg = Debug|Any CPU
		{3B53089F-7A75-C160-D7C7-74CE80444EE9}.Debug|x86.Build.0 = Debug|Any CPU
		{3B53089F-7A75-C160-D7C7-74CE80444EE9}.Release|Any CPU.ActiveCfg = Release|Any CPU
		{3B53089F-7A75-C160-D7C7-74CE80444EE9}.Release|Any CPU.Build.0 = Release|Any CPU
		{3B53089F-7A75-C160-D7C7-74CE80444EE9}.Release|x64.ActiveCfg = Release|Any CPU
		{3B53089F-7A75-C160-D7C7-74CE80444EE9}.Release|x64.Build.0 = Release|Any CPU
		{3B53089F-7A75-C160-D7C7-74CE80444EE9}.Release|x86.ActiveCfg = Release|Any CPU
		{3B53089F-7A75-C160-D7C7-74CE80444EE9}.Release|x86.Build.0 = Release|Any CPU
		{713BD1E0-567F-904A-469E-A2D3E8823F57}.Debug|Any CPU.ActiveCfg = Debug|Any CPU
		{713BD1E0-567F-904A-469E-A2D3E8823F57}.Debug|Any CPU.Build.0 = Debug|Any CPU
		{713BD1E0-567F-904A-469E-A2D3E8823F57}.Debug|x64.ActiveCfg = Debug|Any CPU
		{713BD1E0-567F-904A-469E-A2D3E8823F57}.Debug|x64.Build.0 = Debug|Any CPU
		{713BD1E0-567F-904A-469E-A2D3E8823F57}.Debug|x86.ActiveCfg = Debug|Any CPU
		{713BD1E0-567F-904A-469E-A2D3E8823F57}.Debug|x86.Build.0 = Debug|Any CPU
		{713BD1E0-567F-904A-469E-A2D3E8823F57}.Release|Any CPU.ActiveCfg = Release|Any CPU
		{713BD1E0-567F-904A-469E-A2D3E8823F57}.Release|Any CPU.Build.0 = Release|Any CPU
		{713BD1E0-567F-904A-469E-A2D3E8823F57}.Release|x64.ActiveCfg = Release|Any CPU
		{713BD1E0-567F-904A-469E-A2D3E8823F57}.Release|x64.Build.0 = Release|Any CPU
		{713BD1E0-567F-904A-469E-A2D3E8823F57}.Release|x86.ActiveCfg = Release|Any CPU
		{713BD1E0-567F-904A-469E-A2D3E8823F57}.Release|x86.Build.0 = Release|Any CPU
		{6AE3B1E8-B5CC-8F1E-0C91-542911E09E47}.Debug|Any CPU.ActiveCfg = Debug|Any CPU
		{6AE3B1E8-B5CC-8F1E-0C91-542911E09E47}.Debug|Any CPU.Build.0 = Debug|Any CPU
		{6AE3B1E8-B5CC-8F1E-0C91-542911E09E47}.Debug|x64.ActiveCfg = Debug|Any CPU
		{6AE3B1E8-B5CC-8F1E-0C91-542911E09E47}.Debug|x64.Build.0 = Debug|Any CPU
		{6AE3B1E8-B5CC-8F1E-0C91-542911E09E47}.Debug|x86.ActiveCfg = Debug|Any CPU
		{6AE3B1E8-B5CC-8F1E-0C91-542911E09E47}.Debug|x86.Build.0 = Debug|Any CPU
		{6AE3B1E8-B5CC-8F1E-0C91-542911E09E47}.Release|Any CPU.ActiveCfg = Release|Any CPU
		{6AE3B1E8-B5CC-8F1E-0C91-542911E09E47}.Release|Any CPU.Build.0 = Release|Any CPU
		{6AE3B1E8-B5CC-8F1E-0C91-542911E09E47}.Release|x64.ActiveCfg = Release|Any CPU
		{6AE3B1E8-B5CC-8F1E-0C91-542911E09E47}.Release|x64.Build.0 = Release|Any CPU
		{6AE3B1E8-B5CC-8F1E-0C91-542911E09E47}.Release|x86.ActiveCfg = Release|Any CPU
		{6AE3B1E8-B5CC-8F1E-0C91-542911E09E47}.Release|x86.Build.0 = Release|Any CPU
		{165F4FF7-1385-3EF7-BCEC-10AE48DA384A}.Debug|Any CPU.ActiveCfg = Debug|Any CPU
		{165F4FF7-1385-3EF7-BCEC-10AE48DA384A}.Debug|Any CPU.Build.0 = Debug|Any CPU
		{165F4FF7-1385-3EF7-BCEC-10AE48DA384A}.Debug|x64.ActiveCfg = Debug|Any CPU
		{165F4FF7-1385-3EF7-BCEC-10AE48DA384A}.Debug|x64.Build.0 = Debug|Any CPU
		{165F4FF7-1385-3EF7-BCEC-10AE48DA384A}.Debug|x86.ActiveCfg = Debug|Any CPU
		{165F4FF7-1385-3EF7-BCEC-10AE48DA384A}.Debug|x86.Build.0 = Debug|Any CPU
		{165F4FF7-1385-3EF7-BCEC-10AE48DA384A}.Release|Any CPU.ActiveCfg = Release|Any CPU
		{165F4FF7-1385-3EF7-BCEC-10AE48DA384A}.Release|Any CPU.Build.0 = Release|Any CPU
		{165F4FF7-1385-3EF7-BCEC-10AE48DA384A}.Release|x64.ActiveCfg = Release|Any CPU
		{165F4FF7-1385-3EF7-BCEC-10AE48DA384A}.Release|x64.Build.0 = Release|Any CPU
		{165F4FF7-1385-3EF7-BCEC-10AE48DA384A}.Release|x86.ActiveCfg = Release|Any CPU
		{165F4FF7-1385-3EF7-BCEC-10AE48DA384A}.Release|x86.Build.0 = Release|Any CPU
		{DB8F0F12-FD7E-6705-17C0-05D09250E0D0}.Debug|Any CPU.ActiveCfg = Debug|Any CPU
		{DB8F0F12-FD7E-6705-17C0-05D09250E0D0}.Debug|Any CPU.Build.0 = Debug|Any CPU
		{DB8F0F12-FD7E-6705-17C0-05D09250E0D0}.Debug|x64.ActiveCfg = Debug|Any CPU
		{DB8F0F12-FD7E-6705-17C0-05D09250E0D0}.Debug|x64.Build.0 = Debug|Any CPU
		{DB8F0F12-FD7E-6705-17C0-05D09250E0D0}.Debug|x86.ActiveCfg = Debug|Any CPU
		{DB8F0F12-FD7E-6705-17C0-05D09250E0D0}.Debug|x86.Build.0 = Debug|Any CPU
		{DB8F0F12-FD7E-6705-17C0-05D09250E0D0}.Release|Any CPU.ActiveCfg = Release|Any CPU
		{DB8F0F12-FD7E-6705-17C0-05D09250E0D0}.Release|Any CPU.Build.0 = Release|Any CPU
		{DB8F0F12-FD7E-6705-17C0-05D09250E0D0}.Release|x64.ActiveCfg = Release|Any CPU
		{DB8F0F12-FD7E-6705-17C0-05D09250E0D0}.Release|x64.Build.0 = Release|Any CPU
		{DB8F0F12-FD7E-6705-17C0-05D09250E0D0}.Release|x86.ActiveCfg = Release|Any CPU
		{DB8F0F12-FD7E-6705-17C0-05D09250E0D0}.Release|x86.Build.0 = Release|Any CPU
		{33607464-0627-46A0-B69C-9C417F34E61D}.Debug|Any CPU.ActiveCfg = Debug|Any CPU
		{33607464-0627-46A0-B69C-9C417F34E61D}.Debug|Any CPU.Build.0 = Debug|Any CPU
		{33607464-0627-46A0-B69C-9C417F34E61D}.Debug|x64.ActiveCfg = Debug|Any CPU
		{33607464-0627-46A0-B69C-9C417F34E61D}.Debug|x64.Build.0 = Debug|Any CPU
		{33607464-0627-46A0-B69C-9C417F34E61D}.Debug|x86.ActiveCfg = Debug|Any CPU
		{33607464-0627-46A0-B69C-9C417F34E61D}.Debug|x86.Build.0 = Debug|Any CPU
		{33607464-0627-46A0-B69C-9C417F34E61D}.Release|Any CPU.ActiveCfg = Release|Any CPU
		{33607464-0627-46A0-B69C-9C417F34E61D}.Release|Any CPU.Build.0 = Release|Any CPU
		{33607464-0627-46A0-B69C-9C417F34E61D}.Release|x64.ActiveCfg = Release|Any CPU
		{33607464-0627-46A0-B69C-9C417F34E61D}.Release|x64.Build.0 = Release|Any CPU
		{33607464-0627-46A0-B69C-9C417F34E61D}.Release|x86.ActiveCfg = Release|Any CPU
		{33607464-0627-46A0-B69C-9C417F34E61D}.Release|x86.Build.0 = Release|Any CPU
		{F06C5520-BCF5-48A7-8503-B4C84A09DE2C}.Debug|Any CPU.ActiveCfg = Debug|Any CPU
		{F06C5520-BCF5-48A7-8503-B4C84A09DE2C}.Debug|Any CPU.Build.0 = Debug|Any CPU
		{F06C5520-BCF5-48A7-8503-B4C84A09DE2C}.Debug|x64.ActiveCfg = Debug|Any CPU
		{F06C5520-BCF5-48A7-8503-B4C84A09DE2C}.Debug|x64.Build.0 = Debug|Any CPU
		{F06C5520-BCF5-48A7-8503-B4C84A09DE2C}.Debug|x86.ActiveCfg = Debug|Any CPU
		{F06C5520-BCF5-48A7-8503-B4C84A09DE2C}.Debug|x86.Build.0 = Debug|Any CPU
		{F06C5520-BCF5-48A7-8503-B4C84A09DE2C}.Release|Any CPU.ActiveCfg = Release|Any CPU
		{F06C5520-BCF5-48A7-8503-B4C84A09DE2C}.Release|Any CPU.Build.0 = Release|Any CPU
		{F06C5520-BCF5-48A7-8503-B4C84A09DE2C}.Release|x64.ActiveCfg = Release|Any CPU
		{F06C5520-BCF5-48A7-8503-B4C84A09DE2C}.Release|x64.Build.0 = Release|Any CPU
		{F06C5520-BCF5-48A7-8503-B4C84A09DE2C}.Release|x86.ActiveCfg = Release|Any CPU
		{F06C5520-BCF5-48A7-8503-B4C84A09DE2C}.Release|x86.Build.0 = Release|Any CPU
		{5BAF35A5-A20A-42F1-9085-B0D98C5FBB8C}.Debug|Any CPU.ActiveCfg = Debug|Any CPU
		{5BAF35A5-A20A-42F1-9085-B0D98C5FBB8C}.Debug|Any CPU.Build.0 = Debug|Any CPU
		{5BAF35A5-A20A-42F1-9085-B0D98C5FBB8C}.Debug|x64.ActiveCfg = Debug|Any CPU
		{5BAF35A5-A20A-42F1-9085-B0D98C5FBB8C}.Debug|x64.Build.0 = Debug|Any CPU
		{5BAF35A5-A20A-42F1-9085-B0D98C5FBB8C}.Debug|x86.ActiveCfg = Debug|Any CPU
		{5BAF35A5-A20A-42F1-9085-B0D98C5FBB8C}.Debug|x86.Build.0 = Debug|Any CPU
		{5BAF35A5-A20A-42F1-9085-B0D98C5FBB8C}.Release|Any CPU.ActiveCfg = Release|Any CPU
		{5BAF35A5-A20A-42F1-9085-B0D98C5FBB8C}.Release|Any CPU.Build.0 = Release|Any CPU
		{5BAF35A5-A20A-42F1-9085-B0D98C5FBB8C}.Release|x64.ActiveCfg = Release|Any CPU
		{5BAF35A5-A20A-42F1-9085-B0D98C5FBB8C}.Release|x64.Build.0 = Release|Any CPU
		{5BAF35A5-A20A-42F1-9085-B0D98C5FBB8C}.Release|x86.ActiveCfg = Release|Any CPU
		{5BAF35A5-A20A-42F1-9085-B0D98C5FBB8C}.Release|x86.Build.0 = Release|Any CPU
		{4906D3C5-693C-41D3-8F7A-C098546FB7EE}.Debug|Any CPU.ActiveCfg = Debug|Any CPU
		{4906D3C5-693C-41D3-8F7A-C098546FB7EE}.Debug|Any CPU.Build.0 = Debug|Any CPU
		{4906D3C5-693C-41D3-8F7A-C098546FB7EE}.Debug|x64.ActiveCfg = Debug|Any CPU
		{4906D3C5-693C-41D3-8F7A-C098546FB7EE}.Debug|x64.Build.0 = Debug|Any CPU
		{4906D3C5-693C-41D3-8F7A-C098546FB7EE}.Debug|x86.ActiveCfg = Debug|Any CPU
		{4906D3C5-693C-41D3-8F7A-C098546FB7EE}.Debug|x86.Build.0 = Debug|Any CPU
		{4906D3C5-693C-41D3-8F7A-C098546FB7EE}.Release|Any CPU.ActiveCfg = Release|Any CPU
		{4906D3C5-693C-41D3-8F7A-C098546FB7EE}.Release|Any CPU.Build.0 = Release|Any CPU
		{4906D3C5-693C-41D3-8F7A-C098546FB7EE}.Release|x64.ActiveCfg = Release|Any CPU
		{4906D3C5-693C-41D3-8F7A-C098546FB7EE}.Release|x64.Build.0 = Release|Any CPU
		{4906D3C5-693C-41D3-8F7A-C098546FB7EE}.Release|x86.ActiveCfg = Release|Any CPU
		{4906D3C5-693C-41D3-8F7A-C098546FB7EE}.Release|x86.Build.0 = Release|Any CPU
		{9738F1F8-60AA-4B5A-8943-26A93C4D26DD}.Debug|Any CPU.ActiveCfg = Debug|Any CPU
		{9738F1F8-60AA-4B5A-8943-26A93C4D26DD}.Debug|Any CPU.Build.0 = Debug|Any CPU
		{9738F1F8-60AA-4B5A-8943-26A93C4D26DD}.Debug|x64.ActiveCfg = Debug|Any CPU
		{9738F1F8-60AA-4B5A-8943-26A93C4D26DD}.Debug|x64.Build.0 = Debug|Any CPU
		{9738F1F8-60AA-4B5A-8943-26A93C4D26DD}.Debug|x86.ActiveCfg = Debug|Any CPU
		{9738F1F8-60AA-4B5A-8943-26A93C4D26DD}.Debug|x86.Build.0 = Debug|Any CPU
		{9738F1F8-60AA-4B5A-8943-26A93C4D26DD}.Release|Any CPU.ActiveCfg = Release|Any CPU
		{9738F1F8-60AA-4B5A-8943-26A93C4D26DD}.Release|Any CPU.Build.0 = Release|Any CPU
		{9738F1F8-60AA-4B5A-8943-26A93C4D26DD}.Release|x64.ActiveCfg = Release|Any CPU
		{9738F1F8-60AA-4B5A-8943-26A93C4D26DD}.Release|x64.Build.0 = Release|Any CPU
		{9738F1F8-60AA-4B5A-8943-26A93C4D26DD}.Release|x86.ActiveCfg = Release|Any CPU
		{9738F1F8-60AA-4B5A-8943-26A93C4D26DD}.Release|x86.Build.0 = Release|Any CPU
		{0FC4AE37-8B65-E375-1F4A-FFCFD1EB798F}.Debug|Any CPU.ActiveCfg = Debug|Any CPU
		{0FC4AE37-8B65-E375-1F4A-FFCFD1EB798F}.Debug|Any CPU.Build.0 = Debug|Any CPU
		{0FC4AE37-8B65-E375-1F4A-FFCFD1EB798F}.Debug|x64.ActiveCfg = Debug|Any CPU
		{0FC4AE37-8B65-E375-1F4A-FFCFD1EB798F}.Debug|x64.Build.0 = Debug|Any CPU
		{0FC4AE37-8B65-E375-1F4A-FFCFD1EB798F}.Debug|x86.ActiveCfg = Debug|Any CPU
		{0FC4AE37-8B65-E375-1F4A-FFCFD1EB798F}.Debug|x86.Build.0 = Debug|Any CPU
		{0FC4AE37-8B65-E375-1F4A-FFCFD1EB798F}.Release|Any CPU.ActiveCfg = Release|Any CPU
		{0FC4AE37-8B65-E375-1F4A-FFCFD1EB798F}.Release|Any CPU.Build.0 = Release|Any CPU
		{0FC4AE37-8B65-E375-1F4A-FFCFD1EB798F}.Release|x64.ActiveCfg = Release|Any CPU
		{0FC4AE37-8B65-E375-1F4A-FFCFD1EB798F}.Release|x64.Build.0 = Release|Any CPU
		{0FC4AE37-8B65-E375-1F4A-FFCFD1EB798F}.Release|x86.ActiveCfg = Release|Any CPU
		{0FC4AE37-8B65-E375-1F4A-FFCFD1EB798F}.Release|x86.Build.0 = Release|Any CPU
		{69024391-D62E-F4F4-06D6-88DCCDCFE3B4}.Debug|Any CPU.ActiveCfg = Debug|Any CPU
		{69024391-D62E-F4F4-06D6-88DCCDCFE3B4}.Debug|Any CPU.Build.0 = Debug|Any CPU
		{69024391-D62E-F4F4-06D6-88DCCDCFE3B4}.Debug|x64.ActiveCfg = Debug|Any CPU
		{69024391-D62E-F4F4-06D6-88DCCDCFE3B4}.Debug|x64.Build.0 = Debug|Any CPU
		{69024391-D62E-F4F4-06D6-88DCCDCFE3B4}.Debug|x86.ActiveCfg = Debug|Any CPU
		{69024391-D62E-F4F4-06D6-88DCCDCFE3B4}.Debug|x86.Build.0 = Debug|Any CPU
		{69024391-D62E-F4F4-06D6-88DCCDCFE3B4}.Release|Any CPU.ActiveCfg = Release|Any CPU
		{69024391-D62E-F4F4-06D6-88DCCDCFE3B4}.Release|Any CPU.Build.0 = Release|Any CPU
		{69024391-D62E-F4F4-06D6-88DCCDCFE3B4}.Release|x64.ActiveCfg = Release|Any CPU
		{69024391-D62E-F4F4-06D6-88DCCDCFE3B4}.Release|x64.Build.0 = Release|Any CPU
		{69024391-D62E-F4F4-06D6-88DCCDCFE3B4}.Release|x86.ActiveCfg = Release|Any CPU
		{69024391-D62E-F4F4-06D6-88DCCDCFE3B4}.Release|x86.Build.0 = Release|Any CPU
		{D51788C2-9471-A555-84BD-F7C8FEFB2E1C}.Debug|Any CPU.ActiveCfg = Debug|Any CPU
		{D51788C2-9471-A555-84BD-F7C8FEFB2E1C}.Debug|Any CPU.Build.0 = Debug|Any CPU
		{D51788C2-9471-A555-84BD-F7C8FEFB2E1C}.Debug|x64.ActiveCfg = Debug|Any CPU
		{D51788C2-9471-A555-84BD-F7C8FEFB2E1C}.Debug|x64.Build.0 = Debug|Any CPU
		{D51788C2-9471-A555-84BD-F7C8FEFB2E1C}.Debug|x86.ActiveCfg = Debug|Any CPU
		{D51788C2-9471-A555-84BD-F7C8FEFB2E1C}.Debug|x86.Build.0 = Debug|Any CPU
		{D51788C2-9471-A555-84BD-F7C8FEFB2E1C}.Release|Any CPU.ActiveCfg = Release|Any CPU
		{D51788C2-9471-A555-84BD-F7C8FEFB2E1C}.Release|Any CPU.Build.0 = Release|Any CPU
		{D51788C2-9471-A555-84BD-F7C8FEFB2E1C}.Release|x64.ActiveCfg = Release|Any CPU
		{D51788C2-9471-A555-84BD-F7C8FEFB2E1C}.Release|x64.Build.0 = Release|Any CPU
		{D51788C2-9471-A555-84BD-F7C8FEFB2E1C}.Release|x86.ActiveCfg = Release|Any CPU
		{D51788C2-9471-A555-84BD-F7C8FEFB2E1C}.Release|x86.Build.0 = Release|Any CPU
		{4FC38813-433D-885A-F3C2-CDF627272FFE}.Debug|Any CPU.ActiveCfg = Debug|Any CPU
		{4FC38813-433D-885A-F3C2-CDF627272FFE}.Debug|Any CPU.Build.0 = Debug|Any CPU
		{4FC38813-433D-885A-F3C2-CDF627272FFE}.Debug|x64.ActiveCfg = Debug|Any CPU
		{4FC38813-433D-885A-F3C2-CDF627272FFE}.Debug|x64.Build.0 = Debug|Any CPU
		{4FC38813-433D-885A-F3C2-CDF627272FFE}.Debug|x86.ActiveCfg = Debug|Any CPU
		{4FC38813-433D-885A-F3C2-CDF627272FFE}.Debug|x86.Build.0 = Debug|Any CPU
		{4FC38813-433D-885A-F3C2-CDF627272FFE}.Release|Any CPU.ActiveCfg = Release|Any CPU
		{4FC38813-433D-885A-F3C2-CDF627272FFE}.Release|Any CPU.Build.0 = Release|Any CPU
		{4FC38813-433D-885A-F3C2-CDF627272FFE}.Release|x64.ActiveCfg = Release|Any CPU
		{4FC38813-433D-885A-F3C2-CDF627272FFE}.Release|x64.Build.0 = Release|Any CPU
		{4FC38813-433D-885A-F3C2-CDF627272FFE}.Release|x86.ActiveCfg = Release|Any CPU
		{4FC38813-433D-885A-F3C2-CDF627272FFE}.Release|x86.Build.0 = Release|Any CPU
		{BE8DB961-28F3-4C56-9CDC-C167A83146C3}.Debug|Any CPU.ActiveCfg = Debug|Any CPU
		{BE8DB961-28F3-4C56-9CDC-C167A83146C3}.Debug|Any CPU.Build.0 = Debug|Any CPU
		{BE8DB961-28F3-4C56-9CDC-C167A83146C3}.Debug|x64.ActiveCfg = Debug|Any CPU
		{BE8DB961-28F3-4C56-9CDC-C167A83146C3}.Debug|x64.Build.0 = Debug|Any CPU
		{BE8DB961-28F3-4C56-9CDC-C167A83146C3}.Debug|x86.ActiveCfg = Debug|Any CPU
		{BE8DB961-28F3-4C56-9CDC-C167A83146C3}.Debug|x86.Build.0 = Debug|Any CPU
		{BE8DB961-28F3-4C56-9CDC-C167A83146C3}.Release|Any CPU.ActiveCfg = Release|Any CPU
		{BE8DB961-28F3-4C56-9CDC-C167A83146C3}.Release|Any CPU.Build.0 = Release|Any CPU
		{BE8DB961-28F3-4C56-9CDC-C167A83146C3}.Release|x64.ActiveCfg = Release|Any CPU
		{BE8DB961-28F3-4C56-9CDC-C167A83146C3}.Release|x64.Build.0 = Release|Any CPU
		{BE8DB961-28F3-4C56-9CDC-C167A83146C3}.Release|x86.ActiveCfg = Release|Any CPU
		{BE8DB961-28F3-4C56-9CDC-C167A83146C3}.Release|x86.Build.0 = Release|Any CPU
		{74E06C40-84BB-4225-B1E2-0C0399741A34}.Debug|Any CPU.ActiveCfg = Debug|Any CPU
		{74E06C40-84BB-4225-B1E2-0C0399741A34}.Debug|Any CPU.Build.0 = Debug|Any CPU
		{74E06C40-84BB-4225-B1E2-0C0399741A34}.Debug|x64.ActiveCfg = Debug|Any CPU
		{74E06C40-84BB-4225-B1E2-0C0399741A34}.Debug|x64.Build.0 = Debug|Any CPU
		{74E06C40-84BB-4225-B1E2-0C0399741A34}.Debug|x86.ActiveCfg = Debug|Any CPU
		{74E06C40-84BB-4225-B1E2-0C0399741A34}.Debug|x86.Build.0 = Debug|Any CPU
		{74E06C40-84BB-4225-B1E2-0C0399741A34}.Release|Any CPU.ActiveCfg = Release|Any CPU
		{74E06C40-84BB-4225-B1E2-0C0399741A34}.Release|Any CPU.Build.0 = Release|Any CPU
		{74E06C40-84BB-4225-B1E2-0C0399741A34}.Release|x64.ActiveCfg = Release|Any CPU
		{74E06C40-84BB-4225-B1E2-0C0399741A34}.Release|x64.Build.0 = Release|Any CPU
		{74E06C40-84BB-4225-B1E2-0C0399741A34}.Release|x86.ActiveCfg = Release|Any CPU
		{74E06C40-84BB-4225-B1E2-0C0399741A34}.Release|x86.Build.0 = Release|Any CPU
		{DAFB520D-1ADA-41EE-B9DE-9F44BBA67F53}.Debug|Any CPU.ActiveCfg = Debug|Any CPU
		{DAFB520D-1ADA-41EE-B9DE-9F44BBA67F53}.Debug|Any CPU.Build.0 = Debug|Any CPU
		{DAFB520D-1ADA-41EE-B9DE-9F44BBA67F53}.Debug|x64.ActiveCfg = Debug|Any CPU
		{DAFB520D-1ADA-41EE-B9DE-9F44BBA67F53}.Debug|x64.Build.0 = Debug|Any CPU
		{DAFB520D-1ADA-41EE-B9DE-9F44BBA67F53}.Debug|x86.ActiveCfg = Debug|Any CPU
		{DAFB520D-1ADA-41EE-B9DE-9F44BBA67F53}.Debug|x86.Build.0 = Debug|Any CPU
		{DAFB520D-1ADA-41EE-B9DE-9F44BBA67F53}.Release|Any CPU.ActiveCfg = Release|Any CPU
		{DAFB520D-1ADA-41EE-B9DE-9F44BBA67F53}.Release|Any CPU.Build.0 = Release|Any CPU
		{DAFB520D-1ADA-41EE-B9DE-9F44BBA67F53}.Release|x64.ActiveCfg = Release|Any CPU
		{DAFB520D-1ADA-41EE-B9DE-9F44BBA67F53}.Release|x64.Build.0 = Release|Any CPU
		{DAFB520D-1ADA-41EE-B9DE-9F44BBA67F53}.Release|x86.ActiveCfg = Release|Any CPU
		{DAFB520D-1ADA-41EE-B9DE-9F44BBA67F53}.Release|x86.Build.0 = Release|Any CPU
		{3D9ECFB8-058A-4C1F-A0CE-9098E6C03475}.Debug|Any CPU.ActiveCfg = Debug|Any CPU
		{3D9ECFB8-058A-4C1F-A0CE-9098E6C03475}.Debug|Any CPU.Build.0 = Debug|Any CPU
		{3D9ECFB8-058A-4C1F-A0CE-9098E6C03475}.Debug|x64.ActiveCfg = Debug|Any CPU
		{3D9ECFB8-058A-4C1F-A0CE-9098E6C03475}.Debug|x64.Build.0 = Debug|Any CPU
		{3D9ECFB8-058A-4C1F-A0CE-9098E6C03475}.Debug|x86.ActiveCfg = Debug|Any CPU
		{3D9ECFB8-058A-4C1F-A0CE-9098E6C03475}.Debug|x86.Build.0 = Debug|Any CPU
		{3D9ECFB8-058A-4C1F-A0CE-9098E6C03475}.Release|Any CPU.ActiveCfg = Release|Any CPU
		{3D9ECFB8-058A-4C1F-A0CE-9098E6C03475}.Release|Any CPU.Build.0 = Release|Any CPU
		{3D9ECFB8-058A-4C1F-A0CE-9098E6C03475}.Release|x64.ActiveCfg = Release|Any CPU
		{3D9ECFB8-058A-4C1F-A0CE-9098E6C03475}.Release|x64.Build.0 = Release|Any CPU
		{3D9ECFB8-058A-4C1F-A0CE-9098E6C03475}.Release|x86.ActiveCfg = Release|Any CPU
		{3D9ECFB8-058A-4C1F-A0CE-9098E6C03475}.Release|x86.Build.0 = Release|Any CPU
		{14D1D25A-E1C8-406F-BAD1-646FC81C1496}.Debug|Any CPU.ActiveCfg = Debug|Any CPU
		{14D1D25A-E1C8-406F-BAD1-646FC81C1496}.Debug|Any CPU.Build.0 = Debug|Any CPU
		{14D1D25A-E1C8-406F-BAD1-646FC81C1496}.Debug|x64.ActiveCfg = Debug|Any CPU
		{14D1D25A-E1C8-406F-BAD1-646FC81C1496}.Debug|x64.Build.0 = Debug|Any CPU
		{14D1D25A-E1C8-406F-BAD1-646FC81C1496}.Debug|x86.ActiveCfg = Debug|Any CPU
		{14D1D25A-E1C8-406F-BAD1-646FC81C1496}.Debug|x86.Build.0 = Debug|Any CPU
		{14D1D25A-E1C8-406F-BAD1-646FC81C1496}.Release|Any CPU.ActiveCfg = Release|Any CPU
		{14D1D25A-E1C8-406F-BAD1-646FC81C1496}.Release|Any CPU.Build.0 = Release|Any CPU
		{14D1D25A-E1C8-406F-BAD1-646FC81C1496}.Release|x64.ActiveCfg = Release|Any CPU
		{14D1D25A-E1C8-406F-BAD1-646FC81C1496}.Release|x64.Build.0 = Release|Any CPU
		{14D1D25A-E1C8-406F-BAD1-646FC81C1496}.Release|x86.ActiveCfg = Release|Any CPU
		{14D1D25A-E1C8-406F-BAD1-646FC81C1496}.Release|x86.Build.0 = Release|Any CPU
		{38AFAF93-19A1-89A4-FAF6-8694C6BB397D}.Debug|Any CPU.ActiveCfg = Debug|Any CPU
		{38AFAF93-19A1-89A4-FAF6-8694C6BB397D}.Debug|Any CPU.Build.0 = Debug|Any CPU
		{38AFAF93-19A1-89A4-FAF6-8694C6BB397D}.Debug|x64.ActiveCfg = Debug|Any CPU
		{38AFAF93-19A1-89A4-FAF6-8694C6BB397D}.Debug|x64.Build.0 = Debug|Any CPU
		{38AFAF93-19A1-89A4-FAF6-8694C6BB397D}.Debug|x86.ActiveCfg = Debug|Any CPU
		{38AFAF93-19A1-89A4-FAF6-8694C6BB397D}.Debug|x86.Build.0 = Debug|Any CPU
		{38AFAF93-19A1-89A4-FAF6-8694C6BB397D}.Release|Any CPU.ActiveCfg = Release|Any CPU
		{38AFAF93-19A1-89A4-FAF6-8694C6BB397D}.Release|Any CPU.Build.0 = Release|Any CPU
		{38AFAF93-19A1-89A4-FAF6-8694C6BB397D}.Release|x64.ActiveCfg = Release|Any CPU
		{38AFAF93-19A1-89A4-FAF6-8694C6BB397D}.Release|x64.Build.0 = Release|Any CPU
		{38AFAF93-19A1-89A4-FAF6-8694C6BB397D}.Release|x86.ActiveCfg = Release|Any CPU
		{38AFAF93-19A1-89A4-FAF6-8694C6BB397D}.Release|x86.Build.0 = Release|Any CPU
		{C805A115-412A-2E03-3C8C-F425E2FE549F}.Debug|Any CPU.ActiveCfg = Debug|Any CPU
		{C805A115-412A-2E03-3C8C-F425E2FE549F}.Debug|Any CPU.Build.0 = Debug|Any CPU
		{C805A115-412A-2E03-3C8C-F425E2FE549F}.Debug|x64.ActiveCfg = Debug|Any CPU
		{C805A115-412A-2E03-3C8C-F425E2FE549F}.Debug|x64.Build.0 = Debug|Any CPU
		{C805A115-412A-2E03-3C8C-F425E2FE549F}.Debug|x86.ActiveCfg = Debug|Any CPU
		{C805A115-412A-2E03-3C8C-F425E2FE549F}.Debug|x86.Build.0 = Debug|Any CPU
		{C805A115-412A-2E03-3C8C-F425E2FE549F}.Release|Any CPU.ActiveCfg = Release|Any CPU
		{C805A115-412A-2E03-3C8C-F425E2FE549F}.Release|Any CPU.Build.0 = Release|Any CPU
		{C805A115-412A-2E03-3C8C-F425E2FE549F}.Release|x64.ActiveCfg = Release|Any CPU
		{C805A115-412A-2E03-3C8C-F425E2FE549F}.Release|x64.Build.0 = Release|Any CPU
		{C805A115-412A-2E03-3C8C-F425E2FE549F}.Release|x86.ActiveCfg = Release|Any CPU
		{C805A115-412A-2E03-3C8C-F425E2FE549F}.Release|x86.Build.0 = Release|Any CPU
		{0E15B0C5-461E-1432-9111-740B6DF10043}.Debug|Any CPU.ActiveCfg = Debug|Any CPU
		{0E15B0C5-461E-1432-9111-740B6DF10043}.Debug|Any CPU.Build.0 = Debug|Any CPU
		{0E15B0C5-461E-1432-9111-740B6DF10043}.Debug|x64.ActiveCfg = Debug|Any CPU
		{0E15B0C5-461E-1432-9111-740B6DF10043}.Debug|x64.Build.0 = Debug|Any CPU
		{0E15B0C5-461E-1432-9111-740B6DF10043}.Debug|x86.ActiveCfg = Debug|Any CPU
		{0E15B0C5-461E-1432-9111-740B6DF10043}.Debug|x86.Build.0 = Debug|Any CPU
		{0E15B0C5-461E-1432-9111-740B6DF10043}.Release|Any CPU.ActiveCfg = Release|Any CPU
		{0E15B0C5-461E-1432-9111-740B6DF10043}.Release|Any CPU.Build.0 = Release|Any CPU
		{0E15B0C5-461E-1432-9111-740B6DF10043}.Release|x64.ActiveCfg = Release|Any CPU
		{0E15B0C5-461E-1432-9111-740B6DF10043}.Release|x64.Build.0 = Release|Any CPU
		{0E15B0C5-461E-1432-9111-740B6DF10043}.Release|x86.ActiveCfg = Release|Any CPU
		{0E15B0C5-461E-1432-9111-740B6DF10043}.Release|x86.Build.0 = Release|Any CPU
		{604909ED-4F1B-F44F-71BC-E68810FA428B}.Debug|Any CPU.ActiveCfg = Debug|Any CPU
		{604909ED-4F1B-F44F-71BC-E68810FA428B}.Debug|Any CPU.Build.0 = Debug|Any CPU
		{604909ED-4F1B-F44F-71BC-E68810FA428B}.Debug|x64.ActiveCfg = Debug|Any CPU
		{604909ED-4F1B-F44F-71BC-E68810FA428B}.Debug|x64.Build.0 = Debug|Any CPU
		{604909ED-4F1B-F44F-71BC-E68810FA428B}.Debug|x86.ActiveCfg = Debug|Any CPU
		{604909ED-4F1B-F44F-71BC-E68810FA428B}.Debug|x86.Build.0 = Debug|Any CPU
		{604909ED-4F1B-F44F-71BC-E68810FA428B}.Release|Any CPU.ActiveCfg = Release|Any CPU
		{604909ED-4F1B-F44F-71BC-E68810FA428B}.Release|Any CPU.Build.0 = Release|Any CPU
		{604909ED-4F1B-F44F-71BC-E68810FA428B}.Release|x64.ActiveCfg = Release|Any CPU
		{604909ED-4F1B-F44F-71BC-E68810FA428B}.Release|x64.Build.0 = Release|Any CPU
		{604909ED-4F1B-F44F-71BC-E68810FA428B}.Release|x86.ActiveCfg = Release|Any CPU
		{604909ED-4F1B-F44F-71BC-E68810FA428B}.Release|x86.Build.0 = Release|Any CPU
		{E1504BEB-E496-47B0-BF9E-8A50626BAD40}.Debug|Any CPU.ActiveCfg = Debug|Any CPU
		{E1504BEB-E496-47B0-BF9E-8A50626BAD40}.Debug|Any CPU.Build.0 = Debug|Any CPU
		{E1504BEB-E496-47B0-BF9E-8A50626BAD40}.Debug|x64.ActiveCfg = Debug|Any CPU
		{E1504BEB-E496-47B0-BF9E-8A50626BAD40}.Debug|x64.Build.0 = Debug|Any CPU
		{E1504BEB-E496-47B0-BF9E-8A50626BAD40}.Debug|x86.ActiveCfg = Debug|Any CPU
		{E1504BEB-E496-47B0-BF9E-8A50626BAD40}.Debug|x86.Build.0 = Debug|Any CPU
		{E1504BEB-E496-47B0-BF9E-8A50626BAD40}.Release|Any CPU.ActiveCfg = Release|Any CPU
		{E1504BEB-E496-47B0-BF9E-8A50626BAD40}.Release|Any CPU.Build.0 = Release|Any CPU
		{E1504BEB-E496-47B0-BF9E-8A50626BAD40}.Release|x64.ActiveCfg = Release|Any CPU
		{E1504BEB-E496-47B0-BF9E-8A50626BAD40}.Release|x64.Build.0 = Release|Any CPU
		{E1504BEB-E496-47B0-BF9E-8A50626BAD40}.Release|x86.ActiveCfg = Release|Any CPU
		{E1504BEB-E496-47B0-BF9E-8A50626BAD40}.Release|x86.Build.0 = Release|Any CPU
	EndGlobalSection
	GlobalSection(SolutionProperties) = preSolution
		HideSolutionNode = FALSE
	EndGlobalSection
	GlobalSection(NestedProjects) = preSolution
		{4AC2AC38-EEBC-7399-0F35-B1D4839F44B7} = {8F7C82BA-7C5E-453C-84C8-3EF0707E50C6}
		{C3A1C266-F59C-8F29-3D6F-B796334B5882} = {8F7C82BA-7C5E-453C-84C8-3EF0707E50C6}
		{14D1D25A-E1C8-406F-BAD1-646FC81C1496} = {D1BEEA39-ADA0-A346-385C-4D7F8BE7DD72}
		{38AFAF93-19A1-89A4-FAF6-8694C6BB397D} = {D1BEEA39-ADA0-A346-385C-4D7F8BE7DD72}
		{C805A115-412A-2E03-3C8C-F425E2FE549F} = {D1BEEA39-ADA0-A346-385C-4D7F8BE7DD72}
		{0E15B0C5-461E-1432-9111-740B6DF10043} = {D1BEEA39-ADA0-A346-385C-4D7F8BE7DD72}
		{604909ED-4F1B-F44F-71BC-E68810FA428B} = {D1BEEA39-ADA0-A346-385C-4D7F8BE7DD72}
		{E1504BEB-E496-47B0-BF9E-8A50626BAD40} = {D1BEEA39-ADA0-A346-385C-4D7F8BE7DD72}
	EndGlobalSection
	GlobalSection(ExtensibilityGlobals) = postSolution
		SolutionGuid = {BED50C6C-D88F-4C54-9BCC-BE97B5AE4B62}
	EndGlobalSection
EndGlobal
