
Microsoft Visual Studio Solution File, Format Version 12.00
# Visual Studio Version 18
VisualStudioVersion = 18.9.12120.119
MinimumVisualStudioVersion = 10.0.40219.1
Project("{FAE04EC0-301F-11D3-BF4B-00C04F79EFBC}") = "GraphSearch.Library", "GraphSearch\GraphSearch.Library.csproj", "{D9DE107E-FC3D-4C54-A5DB-B096E667AA46}"
EndProject
Project("{FAE04EC0-301F-11D3-BF4B-00C04F79EFBC}") = "GraphSearch.Tool", "GraphSearch.Tool\GraphSearch.Tool.csproj", "{DD24E443-7B76-491F-905F-44516557B14F}"
EndProject
Project("{FAE04EC0-301F-11D3-BF4B-00C04F79EFBC}") = "GraphSearch.Library.Tests", "GraphSearch.Library.Tests\GraphSearch.Library.Tests.csproj", "{5D9E2121-2632-4A53-B099-409CE4B00D7F}"
EndProject
Project("{FAE04EC0-301F-11D3-BF4B-00C04F79EFBC}") = "GraphRag.EFCore", "GraphRag.EFCore\GraphRag.EFCore.csproj", "{5477E7F3-7ECF-4D18-8CA7-6B09980E9B7E}"
EndProject
Global
	GlobalSection(SolutionConfigurationPlatforms) = preSolution
		Debug|Any CPU = Debug|Any CPU
		Release|Any CPU = Release|Any CPU
	EndGlobalSection
	GlobalSection(ProjectConfigurationPlatforms) = postSolution
		{D9DE107E-FC3D-4C54-A5DB-B096E667AA46}.Debug|Any CPU.ActiveCfg = Debug|Any CPU
		{D9DE107E-FC3D-4C54-A5DB-B096E667AA46}.Debug|Any CPU.Build.0 = Debug|Any CPU
		{D9DE107E-FC3D-4C54-A5DB-B096E667AA46}.Release|Any CPU.ActiveCfg = Release|Any CPU
		{D9DE107E-FC3D-4C54-A5DB-B096E667AA46}.Release|Any CPU.Build.0 = Release|Any CPU
		{DD24E443-7B76-491F-905F-44516557B14F}.Debug|Any CPU.ActiveCfg = Debug|Any CPU
		{DD24E443-7B76-491F-905F-44516557B14F}.Debug|Any CPU.Build.0 = Debug|Any CPU
		{DD24E443-7B76-491F-905F-44516557B14F}.Release|Any CPU.ActiveCfg = Release|Any CPU
		{DD24E443-7B76-491F-905F-44516557B14F}.Release|Any CPU.Build.0 = Release|Any CPU
		{5D9E2121-2632-4A53-B099-409CE4B00D7F}.Debug|Any CPU.ActiveCfg = Debug|Any CPU
		{5D9E2121-2632-4A53-B099-409CE4B00D7F}.Debug|Any CPU.Build.0 = Debug|Any CPU
		{5D9E2121-2632-4A53-B099-409CE4B00D7F}.Release|Any CPU.ActiveCfg = Release|Any CPU
		{5D9E2121-2632-4A53-B099-409CE4B00D7F}.Release|Any CPU.Build.0 = Release|Any CPU
		{5477E7F3-7ECF-4D18-8CA7-6B09980E9B7E}.Debug|Any CPU.ActiveCfg = Debug|Any CPU
		{5477E7F3-7ECF-4D18-8CA7-6B09980E9B7E}.Debug|Any CPU.Build.0 = Debug|Any CPU
		{5477E7F3-7ECF-4D18-8CA7-6B09980E9B7E}.Release|Any CPU.ActiveCfg = Release|Any CPU
		{5477E7F3-7ECF-4D18-8CA7-6B09980E9B7E}.Release|Any CPU.Build.0 = Release|Any CPU
	EndGlobalSection
	GlobalSection(SolutionProperties) = preSolution
		HideSolutionNode = FALSE
	EndGlobalSection
	GlobalSection(ExtensibilityGlobals) = postSolution
		SolutionGuid = {BED50C6C-D88F-4C54-9BCC-BE97B5AE4B62}
	EndGlobalSection
EndGlobal
